
Microsoft Visual Studio Solution File, Format Version 12.00
# Visual Studio 15
VisualStudioVersion = 15.0.26730.15
MinimumVisualStudioVersion = 10.0.40219.1
Project("{888888A0-9F3D-457C-B088-3A5042F75D52}") = "Uni_Grades_Calculator", "Uni_Grades_Calculator\Uni_Grades_Calculator.pyproj", "{8A43ED4B-5DF6-40C4-8E03-BF6E88946D97}"
EndProject
Global
	GlobalSection(SolutionConfigurationPlatforms) = preSolution
		Debug|Any CPU = Debug|Any CPU
		Release|Any CPU = Release|Any CPU
	EndGlobalSection
	GlobalSection(ProjectConfigurationPlatforms) = postSolution
		{8A43ED4B-5DF6-40C4-8E03-BF6E88946D97}.Debug|Any CPU.ActiveCfg = Debug|Any CPU
		{8A43ED4B-5DF6-40C4-8E03-BF6E88946D97}.Release|Any CPU.ActiveCfg = Release|Any CPU
	EndGlobalSection
	GlobalSection(SolutionProperties) = preSolution
		HideSolutionNode = FALSE
	EndGlobalSection
	GlobalSection(ExtensibilityGlobals) = postSolution
		SolutionGuid = {28DDE51F-6469-4C52-B74C-98AA87C370D5}
	EndGlobalSection
EndGlobal
